{
  "version": 1,
  "dependencies": {
    "net7.0-windows7.0": {
      "Dalamud.DrunkenToad": {
        "type": "Direct",
        "requested": "[1.5.6, )",
        "resolved": "1.5.6",
        "contentHash": "AMkUXOWliSg1I6RkmD7tEDxrpRlhnSPF3bmkynDSA4W+Mjf/Ps4+9NiUHhiiplrd+iBgWlRyT7lzs0Zj4NDETA==",
        "dependencies": {
          "LiteDB": "5.0.11"
        }
      },
      "Dalamud.Loc": {
        "type": "Direct",
        "requested": "[1.0.3, )",
        "resolved": "1.0.3",
        "contentHash": "EOuF/6fCmcGpslKeW7gPgt1yOMv9JdC+W+7SEVWwLsyZo/W13RqsPiSYpMXmZbV2byjdavweZVxF3dNziRZOdA=="
      },
      "DalamudLinter": {
        "type": "Direct",
        "requested": "[1.0.3, )",
        "resolved": "1.0.3",
        "contentHash": "yODrbT8F73JJsvC3UbQ+Cn+huhH4TEYvlunjKUUed2SHBhGDJrkV8l21Xe9GMut4ZauPvySgYWUigX/msAAEag=="
      },
      "DalamudPackager": {
        "type": "Direct",
        "requested": "[2.1.11, )",
        "resolved": "2.1.11",
        "contentHash": "9qlAWoRRTiL/geAvuwR/g6Bcbrd/bJJgVnB/RurBiyKs6srsP0bvpoo8IK+Eg8EA6jWeM6/YJWs66w4FIAzqPw=="
      },
      "XivCommon": {
        "type": "Direct",
        "requested": "[7.0.2, )",
        "resolved": "7.0.2",
        "contentHash": "raQqMKIquvM+BjDJz8QW8zOa2cajMtlwfKBlocNtkzNy/HMC7PGzkh8kN9KbUrwxc7PPvn6EjEXsAU9q9EUKJQ=="
      },
      "LiteDB": {
        "type": "Transitive",
        "resolved": "5.0.11",
        "contentHash": "6cL4bOmVCUB0gIK+6qIr68HeqjjHZicPDGQjvJ87mIOvkFsEsJWkIps3yoKNeLpHhJQur++yoQ9Q8gxsdos0xQ=="
      }
    }
  }
}