{
  "version": 1,
  "dependencies": {
    "net7.0-windows7.0": {
      "Dalamud.DrunkenToad": {
        "type": "Direct",
        "requested": "[1.8.5, )",
        "resolved": "1.8.5",
        "contentHash": "O9dnR4wZSSw701M7tqJFVPk7ps0I+qDHD3Py8z3S+txNZuisnwmkukIff7EGzqOddy8l+WIzvSIqkQ6yPswx/Q==",
        "dependencies": {
          "Dalamud.Loc": "1.1.2",
          "Microsoft.Extensions.DependencyInjection": "7.0.0"
        }
      },
      "Dalamud.Loc": {
        "type": "Direct",
        "requested": "[1.1.2, )",
        "resolved": "1.1.2",
        "contentHash": "Sy7ooP1+mGtoCCPltgUNATz3UbnRFihVcDfg9wB2rdsfY5FDfCW/k3jpLZiJZc3xXHyttzwttJeVC3tE3JsEGw=="
      },
      "DalamudLinter": {
        "type": "Direct",
        "requested": "[1.0.3, )",
        "resolved": "1.0.3",
        "contentHash": "yODrbT8F73JJsvC3UbQ+Cn+huhH4TEYvlunjKUUed2SHBhGDJrkV8l21Xe9GMut4ZauPvySgYWUigX/msAAEag=="
      },
      "DalamudPackager": {
        "type": "Direct",
        "requested": "[2.1.12, )",
        "resolved": "2.1.12",
        "contentHash": "Sc0PVxvgg4NQjcI8n10/VfUQBAS4O+Fw2pZrAqBdRMbthYGeogzu5+xmIGCGmsEZ/ukMOBuAqiNiB5qA3MRalg=="
      },
      "XivCommon": {
        "type": "Direct",
        "requested": "[9.0.0, )",
        "resolved": "9.0.0",
        "contentHash": "avaBp3FmSCi/PiQhntCeBDYOHejdyTWmFtz4pRBVQQ8vHkmRx+YTk1la9dkYBMlXxRXKckEdH1iI1Fu61JlE7w=="
      },
      "Microsoft.Extensions.DependencyInjection": {
        "type": "Transitive",
        "resolved": "7.0.0",
        "contentHash": "elNeOmkeX3eDVG6pYVeV82p29hr+UKDaBhrZyWvWLw/EVZSYEkZlQdkp0V39k/Xehs2Qa0mvoCvkVj3eQxNQ1Q==",
        "dependencies": {
          "Microsoft.Extensions.DependencyInjection.Abstractions": "7.0.0"
        }
      },
      "Microsoft.Extensions.DependencyInjection.Abstractions": {
        "type": "Transitive",
        "resolved": "7.0.0",
        "contentHash": "h3j/QfmFN4S0w4C2A6X7arXij/M/OVw3uQHSOFxnND4DyAzO1F9eMX7Eti7lU/OkSthEE0WzRsfT/Dmx86jzCw=="
      }
    }
  }
}